
Microsoft Visual Studio Solution File, Format Version 12.00
# Visual Studio Version 17
VisualStudioVersion = 17.4.33213.308
MinimumVisualStudioVersion = 10.0.40219.1
Project("{FAE04EC0-301F-11D3-BF4B-00C04F79EFBC}") = "crudEMS", "crudEMS\crudEMS.csproj", "{493DCE19-7794-482E-ABC6-B33413BA10F2}"
EndProject
Global
	GlobalSection(SolutionConfigurationPlatforms) = preSolution
		Debug|Any CPU = Debug|Any CPU
		Release|Any CPU = Release|Any CPU
	EndGlobalSection
	GlobalSection(ProjectConfigurationPlatforms) = postSolution
		{493DCE19-7794-482E-ABC6-B33413BA10F2}.Debug|Any CPU.ActiveCfg = Debug|Any CPU
		{493DCE19-7794-482E-ABC6-B33413BA10F2}.Debug|Any CPU.Build.0 = Debug|Any CPU
		{493DCE19-7794-482E-ABC6-B33413BA10F2}.Release|Any CPU.ActiveCfg = Release|Any CPU
		{493DCE19-7794-482E-ABC6-B33413BA10F2}.Release|Any CPU.Build.0 = Release|Any CPU
	EndGlobalSection
	GlobalSection(SolutionProperties) = preSolution
		HideSolutionNode = FALSE
	EndGlobalSection
	GlobalSection(ExtensibilityGlobals) = postSolution
		SolutionGuid = {A2AC0B9E-373A-41C2-889A-44763ACC8E8D}
	EndGlobalSection
EndGlobal
